
Microsoft Visual Studio Solution File, Format Version 12.00
# Visual Studio Version 17
VisualStudioVersion = 17.8.34330.188
MinimumVisualStudioVersion = 10.0.40219.1
Project("{FAE04EC0-301F-11D3-BF4B-00C04F79EFBC}") = "ChainBlockify", "ChainBlockify\ChainBlockify.csproj", "{F019033B-9F0C-44D8-A0EE-AEAC3B1E1823}"
EndProject
Global
	GlobalSection(SolutionConfigurationPlatforms) = preSolution
		Debug|Any CPU = Debug|Any CPU
		Release|Any CPU = Release|Any CPU
	EndGlobalSection
	GlobalSection(ProjectConfigurationPlatforms) = postSolution
		{F019033B-9F0C-44D8-A0EE-AEAC3B1E1823}.Debug|Any CPU.ActiveCfg = Debug|Any CPU
		{F019033B-9F0C-44D8-A0EE-AEAC3B1E1823}.Debug|Any CPU.Build.0 = Debug|Any CPU
		{F019033B-9F0C-44D8-A0EE-AEAC3B1E1823}.Release|Any CPU.ActiveCfg = Release|Any CPU
		{F019033B-9F0C-44D8-A0EE-AEAC3B1E1823}.Release|Any CPU.Build.0 = Release|Any CPU
	EndGlobalSection
	GlobalSection(SolutionProperties) = preSolution
		HideSolutionNode = FALSE
	EndGlobalSection
	GlobalSection(ExtensibilityGlobals) = postSolution
		SolutionGuid = {DFC5BA34-FCE9-4AD8-A6CB-6F24676240B8}
	EndGlobalSection
EndGlobal
